
Microsoft Visual Studio Solution File, Format Version 11.00
# Visual Studio 2010
Project("{FAE04EC0-301F-11D3-BF4B-00C04F79EFBC}") = "Assembly-CSharp", "Assembly-CSharp.csproj", "{fd76419d-d00a-371a-d814-3f05568e0ebd}"
EndProject
Project("{FAE04EC0-301F-11D3-BF4B-00C04F79EFBC}") = "AmplifyShaderEditor", "AmplifyShaderEditor.csproj", "{b62d5ec3-b949-9285-b842-6ab28388ee9f}"
EndProject
Global
	GlobalSection(SolutionConfigurationPlatforms) = preSolution
		Debug|Any CPU = Debug|Any CPU
	EndGlobalSection
	GlobalSection(ProjectConfigurationPlatforms) = postSolution
		{fd76419d-d00a-371a-d814-3f05568e0ebd}.Debug|Any CPU.ActiveCfg = Debug|Any CPU
		{fd76419d-d00a-371a-d814-3f05568e0ebd}.Debug|Any CPU.Build.0 = Debug|Any CPU
		{b62d5ec3-b949-9285-b842-6ab28388ee9f}.Debug|Any CPU.ActiveCfg = Debug|Any CPU
		{b62d5ec3-b949-9285-b842-6ab28388ee9f}.Debug|Any CPU.Build.0 = Debug|Any CPU
	EndGlobalSection
	GlobalSection(SolutionProperties) = preSolution
		HideSolutionNode = FALSE
	EndGlobalSection
EndGlobal
