
Microsoft Visual Studio Solution File, Format Version 11.00
# Visual Studio 2010
Project("{FAE04EC0-301F-11D3-BF4B-00C04F79EFBC}") = "Assembly-CSharp", "Assembly-CSharp.csproj", "{15f04150-d3e5-f0d1-2095-63229874e2ed}"
EndProject
Project("{FAE04EC0-301F-11D3-BF4B-00C04F79EFBC}") = "AmplifyShaderEditor", "AmplifyShaderEditor.csproj", "{d52adb49-554d-733c-8fbe-87eda993b06d}"
EndProject
Global
	GlobalSection(SolutionConfigurationPlatforms) = preSolution
		Debug|Any CPU = Debug|Any CPU
	EndGlobalSection
	GlobalSection(ProjectConfigurationPlatforms) = postSolution
		{15f04150-d3e5-f0d1-2095-63229874e2ed}.Debug|Any CPU.ActiveCfg = Debug|Any CPU
		{15f04150-d3e5-f0d1-2095-63229874e2ed}.Debug|Any CPU.Build.0 = Debug|Any CPU
		{d52adb49-554d-733c-8fbe-87eda993b06d}.Debug|Any CPU.ActiveCfg = Debug|Any CPU
		{d52adb49-554d-733c-8fbe-87eda993b06d}.Debug|Any CPU.Build.0 = Debug|Any CPU
	EndGlobalSection
	GlobalSection(SolutionProperties) = preSolution
		HideSolutionNode = FALSE
	EndGlobalSection
EndGlobal
